
Microsoft Visual Studio Solution File, Format Version 12.00
# Visual Studio 15
VisualStudioVersion = 15.0.28307.1062
MinimumVisualStudioVersion = 10.0.40219.1
Project("{FAE04EC0-301F-11D3-BF4B-00C04F79EFBC}") = "RedisPubSub", "RedisPubSub\RedisPubSub.csproj", "{50792E6B-1034-4EED-BEB6-6BA8DA2BCEA8}"
EndProject
Project("{FAE04EC0-301F-11D3-BF4B-00C04F79EFBC}") = "RedisPubSub.Doamin", "RedisPubSub.Doamin\RedisPubSub.Doamin.csproj", "{AF63298D-C6EC-4C5C-A173-818740E8259B}"
EndProject
Global
	GlobalSection(SolutionConfigurationPlatforms) = preSolution
		Debug|Any CPU = Debug|Any CPU
		Release|Any CPU = Release|Any CPU
	EndGlobalSection
	GlobalSection(ProjectConfigurationPlatforms) = postSolution
		{50792E6B-1034-4EED-BEB6-6BA8DA2BCEA8}.Debug|Any CPU.ActiveCfg = Debug|Any CPU
		{50792E6B-1034-4EED-BEB6-6BA8DA2BCEA8}.Debug|Any CPU.Build.0 = Debug|Any CPU
		{50792E6B-1034-4EED-BEB6-6BA8DA2BCEA8}.Release|Any CPU.ActiveCfg = Release|Any CPU
		{50792E6B-1034-4EED-BEB6-6BA8DA2BCEA8}.Release|Any CPU.Build.0 = Release|Any CPU
		{AF63298D-C6EC-4C5C-A173-818740E8259B}.Debug|Any CPU.ActiveCfg = Debug|Any CPU
		{AF63298D-C6EC-4C5C-A173-818740E8259B}.Debug|Any CPU.Build.0 = Debug|Any CPU
		{AF63298D-C6EC-4C5C-A173-818740E8259B}.Release|Any CPU.ActiveCfg = Release|Any CPU
		{AF63298D-C6EC-4C5C-A173-818740E8259B}.Release|Any CPU.Build.0 = Release|Any CPU
	EndGlobalSection
	GlobalSection(SolutionProperties) = preSolution
		HideSolutionNode = FALSE
	EndGlobalSection
	GlobalSection(ExtensibilityGlobals) = postSolution
		SolutionGuid = {EAB8FA98-E03E-465A-AFD6-5D2EB3DBCAA3}
	EndGlobalSection
EndGlobal
